// !$*UTF8*$!
{
	archiveVersion = 1;
	classes = {
	};
	objectVersion = 48;
	objects = {

/* Begin PBXBuildFile section */
		221581EE3EB7AA08F0AEE9C9 /* Pods_SoundCould.framework in Frameworks */ = {isa = PBXBuildFile; fileRef = D7FE76DF675E7276526C3D0D /* Pods_SoundCould.framework */; };
		E50410E120AE74940028CC24 /* HomeViewController.swift in Sources */ = {isa = PBXBuildFile; fileRef = E50410E020AE74940028CC24 /* HomeViewController.swift */; };
		E50410E320AE74EF0028CC24 /* Home.storyboard in Resources */ = {isa = PBXBuildFile; fileRef = E50410E220AE74EF0028CC24 /* Home.storyboard */; };
		E50410EB20AE860C0028CC24 /* CellSongGenes.swift in Sources */ = {isa = PBXBuildFile; fileRef = E50410E920AE860C0028CC24 /* CellSongGenes.swift */; };
		E50410EC20AE860C0028CC24 /* CellSongGenes.xib in Resources */ = {isa = PBXBuildFile; fileRef = E50410EA20AE860C0028CC24 /* CellSongGenes.xib */; };
		E50410EF20AEA4480028CC24 /* CellGenesHome.swift in Sources */ = {isa = PBXBuildFile; fileRef = E50410ED20AEA4480028CC24 /* CellGenesHome.swift */; };
		E50410F020AEA4480028CC24 /* CellGenesHome.xib in Resources */ = {isa = PBXBuildFile; fileRef = E50410EE20AEA4480028CC24 /* CellGenesHome.xib */; };
		E50410F320AEACE90028CC24 /* Constants.swift in Sources */ = {isa = PBXBuildFile; fileRef = E50410F220AEACE90028CC24 /* Constants.swift */; };
		E50410F520AEADAD0028CC24 /* Key.swift in Sources */ = {isa = PBXBuildFile; fileRef = E50410F420AEADAD0028CC24 /* Key.swift */; };
		E51FBCA520AD537500CAECB8 /* AppDelegate.swift in Sources */ = {isa = PBXBuildFile; fileRef = E51FBCA420AD537500CAECB8 /* AppDelegate.swift */; };
		E51FBCAF20AD537600CAECB8 /* LaunchScreen.storyboard in Resources */ = {isa = PBXBuildFile; fileRef = E51FBCAD20AD537600CAECB8 /* LaunchScreen.storyboard */; };
		E55CCDD720B2CA28006E87D9 /* UIimageView+loadImg.swift in Sources */ = {isa = PBXBuildFile; fileRef = E55CCDD620B2CA28006E87D9 /* UIimageView+loadImg.swift */; };
		E58F62F020AEE34D003578DE /* Genre.storyboard in Resources */ = {isa = PBXBuildFile; fileRef = E58F62EF20AEE34D003578DE /* Genre.storyboard */; };
		E58F62F220AEE587003578DE /* GenreViewController.swift in Sources */ = {isa = PBXBuildFile; fileRef = E58F62F120AEE587003578DE /* GenreViewController.swift */; };
		E58F62F620AEE862003578DE /* GenreCell.swift in Sources */ = {isa = PBXBuildFile; fileRef = E58F62F520AEE862003578DE /* GenreCell.swift */; };
		E5B5F5F120B6A3D400CE414D /* AudioToolbox.framework in Frameworks */ = {isa = PBXBuildFile; fileRef = E5B5F5F020B6A3D400CE414D /* AudioToolbox.framework */; };
		E5DA374C20AD5E3000466C8A /* DataGenres.swift in Sources */ = {isa = PBXBuildFile; fileRef = E5DA374B20AD5E3000466C8A /* DataGenres.swift */; };
		E5DA374E20AD5F3400466C8A /* DataManager.swift in Sources */ = {isa = PBXBuildFile; fileRef = E5DA374D20AD5F3300466C8A /* DataManager.swift */; };
		E5DA375220AD8E4800466C8A /* DataTrack.swift in Sources */ = {isa = PBXBuildFile; fileRef = E5DA375120AD8E4800466C8A /* DataTrack.swift */; };
		E5E5134F20AFBDD1002A88E5 /* PlayViewController.swift in Sources */ = {isa = PBXBuildFile; fileRef = E5E5134D20AFBDD1002A88E5 /* PlayViewController.swift */; };
		E5E5135020AFBDD1002A88E5 /* PlayViewController.xib in Resources */ = {isa = PBXBuildFile; fileRef = E5E5134E20AFBDD1002A88E5 /* PlayViewController.xib */; };
		E5E5135220AFC1F4002A88E5 /* Assets.xcassets in Resources */ = {isa = PBXBuildFile; fileRef = E5E5135120AFC1F4002A88E5 /* Assets.xcassets */; };
/* End PBXBuildFile section */

/* Begin PBXFileReference section */
		6FF8F2C9180FF1B95025F1F0 /* Pods-SoundCould.debug.xcconfig */ = {isa = PBXFileReference; includeInIndex = 1; lastKnownFileType = text.xcconfig; name = "Pods-SoundCould.debug.xcconfig"; path = "Pods/Target Support Files/Pods-SoundCould/Pods-SoundCould.debug.xcconfig"; sourceTree = "<group>"; };
		CE9D30A3B38B1A1C67356D26 /* Pods-SoundCould.release.xcconfig */ = {isa = PBXFileReference; includeInIndex = 1; lastKnownFileType = text.xcconfig; name = "Pods-SoundCould.release.xcconfig"; path = "Pods/Target Support Files/Pods-SoundCould/Pods-SoundCould.release.xcconfig"; sourceTree = "<group>"; };
		D7FE76DF675E7276526C3D0D /* Pods_SoundCould.framework */ = {isa = PBXFileReference; explicitFileType = wrapper.framework; includeInIndex = 0; path = Pods_SoundCould.framework; sourceTree = BUILT_PRODUCTS_DIR; };
		E50410E020AE74940028CC24 /* HomeViewController.swift */ = {isa = PBXFileReference; lastKnownFileType = sourcecode.swift; path = HomeViewController.swift; sourceTree = "<group>"; };
		E50410E220AE74EF0028CC24 /* Home.storyboard */ = {isa = PBXFileReference; lastKnownFileType = file.storyboard; path = Home.storyboard; sourceTree = "<group>"; };
		E50410E920AE860C0028CC24 /* CellSongGenes.swift */ = {isa = PBXFileReference; lastKnownFileType = sourcecode.swift; path = CellSongGenes.swift; sourceTree = "<group>"; };
		E50410EA20AE860C0028CC24 /* CellSongGenes.xib */ = {isa = PBXFileReference; lastKnownFileType = file.xib; path = CellSongGenes.xib; sourceTree = "<group>"; };
		E50410ED20AEA4480028CC24 /* CellGenesHome.swift */ = {isa = PBXFileReference; lastKnownFileType = sourcecode.swift; path = CellGenesHome.swift; sourceTree = "<group>"; };
		E50410EE20AEA4480028CC24 /* CellGenesHome.xib */ = {isa = PBXFileReference; lastKnownFileType = file.xib; path = CellGenesHome.xib; sourceTree = "<group>"; };
		E50410F220AEACE90028CC24 /* Constants.swift */ = {isa = PBXFileReference; lastKnownFileType = sourcecode.swift; path = Constants.swift; sourceTree = "<group>"; };
		E50410F420AEADAD0028CC24 /* Key.swift */ = {isa = PBXFileReference; lastKnownFileType = sourcecode.swift; path = Key.swift; sourceTree = "<group>"; };
		E51FBCA120AD537500CAECB8 /* SoundCould.app */ = {isa = PBXFileReference; explicitFileType = wrapper.application; includeInIndex = 0; path = SoundCould.app; sourceTree = BUILT_PRODUCTS_DIR; };
		E51FBCA420AD537500CAECB8 /* AppDelegate.swift */ = {isa = PBXFileReference; lastKnownFileType = sourcecode.swift; path = AppDelegate.swift; sourceTree = "<group>"; };
		E51FBCAE20AD537600CAECB8 /* Base */ = {isa = PBXFileReference; lastKnownFileType = file.storyboard; name = Base; path = Base.lproj/LaunchScreen.storyboard; sourceTree = "<group>"; };
		E51FBCB020AD537600CAECB8 /* Info.plist */ = {isa = PBXFileReference; lastKnownFileType = text.plist.xml; path = Info.plist; sourceTree = "<group>"; };
		E55CCDD620B2CA28006E87D9 /* UIimageView+loadImg.swift */ = {isa = PBXFileReference; lastKnownFileType = sourcecode.swift; path = "UIimageView+loadImg.swift"; sourceTree = "<group>"; };
		E58F62EF20AEE34D003578DE /* Genre.storyboard */ = {isa = PBXFileReference; lastKnownFileType = file.storyboard; path = Genre.storyboard; sourceTree = "<group>"; };
		E58F62F120AEE587003578DE /* GenreViewController.swift */ = {isa = PBXFileReference; lastKnownFileType = sourcecode.swift; path = GenreViewController.swift; sourceTree = "<group>"; };
		E58F62F520AEE862003578DE /* GenreCell.swift */ = {isa = PBXFileReference; lastKnownFileType = sourcecode.swift; path = GenreCell.swift; sourceTree = "<group>"; };
		E5B5F5F020B6A3D400CE414D /* AudioToolbox.framework */ = {isa = PBXFileReference; lastKnownFileType = wrapper.framework; name = AudioToolbox.framework; path = System/Library/Frameworks/AudioToolbox.framework; sourceTree = SDKROOT; };
		E5B5F5F220B6A3D400CE414D /* SoundCould.entitlements */ = {isa = PBXFileReference; lastKnownFileType = text.plist.entitlements; path = SoundCould.entitlements; sourceTree = "<group>"; };
		E5DA374B20AD5E3000466C8A /* DataGenres.swift */ = {isa = PBXFileReference; lastKnownFileType = sourcecode.swift; path = DataGenres.swift; sourceTree = "<group>"; };
		E5DA374D20AD5F3300466C8A /* DataManager.swift */ = {isa = PBXFileReference; lastKnownFileType = sourcecode.swift; path = DataManager.swift; sourceTree = "<group>"; };
		E5DA375120AD8E4800466C8A /* DataTrack.swift */ = {isa = PBXFileReference; lastKnownFileType = sourcecode.swift; path = DataTrack.swift; sourceTree = "<group>"; };
		E5E5134D20AFBDD1002A88E5 /* PlayViewController.swift */ = {isa = PBXFileReference; lastKnownFileType = sourcecode.swift; path = PlayViewController.swift; sourceTree = "<group>"; };
		E5E5134E20AFBDD1002A88E5 /* PlayViewController.xib */ = {isa = PBXFileReference; lastKnownFileType = file.xib; path = PlayViewController.xib; sourceTree = "<group>"; };
		E5E5135120AFC1F4002A88E5 /* Assets.xcassets */ = {isa = PBXFileReference; lastKnownFileType = folder.assetcatalog; path = Assets.xcassets; sourceTree = "<group>"; };
/* End PBXFileReference section */

/* Begin PBXFrameworksBuildPhase section */
		E51FBC9E20AD537500CAECB8 /* Frameworks */ = {
			isa = PBXFrameworksBuildPhase;
			buildActionMask = 2147483647;
			files = (
				221581EE3EB7AA08F0AEE9C9 /* Pods_SoundCould.framework in Frameworks */,
				E5B5F5F120B6A3D400CE414D /* AudioToolbox.framework in Frameworks */,
			);
			runOnlyForDeploymentPostprocessing = 0;
		};
/* End PBXFrameworksBuildPhase section */

/* Begin PBXGroup section */
		9F1351B3862572DF36B266AA /* Frameworks */ = {
			isa = PBXGroup;
			children = (
				E5B5F5F020B6A3D400CE414D /* AudioToolbox.framework */,
				D7FE76DF675E7276526C3D0D /* Pods_SoundCould.framework */,
			);
			name = Frameworks;
			sourceTree = "<group>";
		};
		CE6C88219F9AA145BBCEF02F /* Pods */ = {
			isa = PBXGroup;
			children = (
				6FF8F2C9180FF1B95025F1F0 /* Pods-SoundCould.debug.xcconfig */,
				CE9D30A3B38B1A1C67356D26 /* Pods-SoundCould.release.xcconfig */,
			);
			name = Pods;
			sourceTree = "<group>";
		};
		E50410E420AE7AA40028CC24 /* Cell */ = {
			isa = PBXGroup;
			children = (
				E58F62F420AEE82F003578DE /* CellGenre */,
				E58F62F320AEE822003578DE /* CellHome */,
			);
			path = Cell;
			sourceTree = "<group>";
		};
		E50410F120AEACB80028CC24 /* Group */ = {
			isa = PBXGroup;
			children = (
				E50410F220AEACE90028CC24 /* Constants.swift */,
				E55CCDD620B2CA28006E87D9 /* UIimageView+loadImg.swift */,
				E50410F420AEADAD0028CC24 /* Key.swift */,
			);
			path = Group;
			sourceTree = "<group>";
		};
		E51FBC9820AD537500CAECB8 = {
			isa = PBXGroup;
			children = (
				E51FBCA320AD537500CAECB8 /* SoundCould */,
				E51FBCBF20AD571200CAECB8 /* Support */,
				E51FBCA220AD537500CAECB8 /* Products */,
				CE6C88219F9AA145BBCEF02F /* Pods */,
				9F1351B3862572DF36B266AA /* Frameworks */,
				E57A350020C128D500FEC873 /* Recovered References */,
			);
			sourceTree = "<group>";
		};
		E51FBCA220AD537500CAECB8 /* Products */ = {
			isa = PBXGroup;
			children = (
				E51FBCA120AD537500CAECB8 /* SoundCould.app */,
			);
			name = Products;
			sourceTree = "<group>";
		};
		E51FBCA320AD537500CAECB8 /* SoundCould */ = {
			isa = PBXGroup;
			children = (
				E5B5F5F220B6A3D400CE414D /* SoundCould.entitlements */,
				E50410F120AEACB80028CC24 /* Group */,
				E51FBCC020AD599300CAECB8 /* Model */,
				E51FBCBD20AD569C00CAECB8 /* View */,
				E51FBCBC20AD567400CAECB8 /* Apdelegate */,
			);
			path = SoundCould;
			sourceTree = "<group>";
		};
		E51FBCBC20AD567400CAECB8 /* Apdelegate */ = {
			isa = PBXGroup;
			children = (
				E51FBCA420AD537500CAECB8 /* AppDelegate.swift */,
			);
			path = Apdelegate;
			sourceTree = "<group>";
		};
		E51FBCBD20AD569C00CAECB8 /* View */ = {
			isa = PBXGroup;
			children = (
				E5E5134C20AFBC73002A88E5 /* Play */,
				E58F62EA20AEE1EC003578DE /* Genre */,
				E51FBCBE20AD56A700CAECB8 /* Home */,
				E50410E420AE7AA40028CC24 /* Cell */,
			);
			path = View;
			sourceTree = "<group>";
		};
		E51FBCBE20AD56A700CAECB8 /* Home */ = {
			isa = PBXGroup;
			children = (
				E50410E020AE74940028CC24 /* HomeViewController.swift */,
				E50410E220AE74EF0028CC24 /* Home.storyboard */,
			);
			path = Home;
			sourceTree = "<group>";
		};
		E51FBCBF20AD571200CAECB8 /* Support */ = {
			isa = PBXGroup;
			children = (
				E51FBCAD20AD537600CAECB8 /* LaunchScreen.storyboard */,
				E5E5135120AFC1F4002A88E5 /* Assets.xcassets */,
				E51FBCB020AD537600CAECB8 /* Info.plist */,
			);
			path = Support;
			sourceTree = "<group>";
		};
		E51FBCC020AD599300CAECB8 /* Model */ = {
			isa = PBXGroup;
			children = (
				E5DA374B20AD5E3000466C8A /* DataGenres.swift */,
				E5DA375120AD8E4800466C8A /* DataTrack.swift */,
				E5DA374D20AD5F3300466C8A /* DataManager.swift */,
			);
			path = Model;
			sourceTree = "<group>";
		};
		E57A350020C128D500FEC873 /* Recovered References */ = {
			isa = PBXGroup;
			children = (
			);
			name = "Recovered References";
			sourceTree = "<group>";
		};
		E58F62EA20AEE1EC003578DE /* Genre */ = {
			isa = PBXGroup;
			children = (
				E58F62EF20AEE34D003578DE /* Genre.storyboard */,
				E58F62F120AEE587003578DE /* GenreViewController.swift */,
			);
			path = Genre;
			sourceTree = "<group>";
		};
		E58F62F320AEE822003578DE /* CellHome */ = {
			isa = PBXGroup;
			children = (
				E50410E920AE860C0028CC24 /* CellSongGenes.swift */,
				E50410EA20AE860C0028CC24 /* CellSongGenes.xib */,
				E50410ED20AEA4480028CC24 /* CellGenesHome.swift */,
				E50410EE20AEA4480028CC24 /* CellGenesHome.xib */,
			);
			path = CellHome;
			sourceTree = "<group>";
		};
		E58F62F420AEE82F003578DE /* CellGenre */ = {
			isa = PBXGroup;
			children = (
				E58F62F520AEE862003578DE /* GenreCell.swift */,
			);
			path = CellGenre;
			sourceTree = "<group>";
		};
		E5E5134C20AFBC73002A88E5 /* Play */ = {
			isa = PBXGroup;
			children = (
				E5E5134D20AFBDD1002A88E5 /* PlayViewController.swift */,
				E5E5134E20AFBDD1002A88E5 /* PlayViewController.xib */,
			);
			path = Play;
			sourceTree = "<group>";
		};
/* End PBXGroup section */

/* Begin PBXNativeTarget section */
		E51FBCA020AD537500CAECB8 /* SoundCould */ = {
			isa = PBXNativeTarget;
			buildConfigurationList = E51FBCB320AD537600CAECB8 /* Build configuration list for PBXNativeTarget "SoundCould" */;
			buildPhases = (
				E284B6BDDC48617C3A38924A /* [CP] Check Pods Manifest.lock */,
				E51FBC9D20AD537500CAECB8 /* Sources */,
				E51FBC9E20AD537500CAECB8 /* Frameworks */,
				E51FBC9F20AD537500CAECB8 /* Resources */,
				E5844F8E20B3FC46001FD5DF /* ShellScript */,
				DDA1622B083F84EE71B3393E /* [CP] Embed Pods Frameworks */,
			);
			buildRules = (
			);
			dependencies = (
			);
			name = SoundCould;
			productName = SoundCould;
			productReference = E51FBCA120AD537500CAECB8 /* SoundCould.app */;
			productType = "com.apple.product-type.application";
		};
/* End PBXNativeTarget section */

/* Begin PBXProject section */
		E51FBC9920AD537500CAECB8 /* Project object */ = {
			isa = PBXProject;
			attributes = {
				LastSwiftUpdateCheck = 0930;
				LastUpgradeCheck = 0930;
				ORGANIZATIONNAME = nguyen.van.bao;
				TargetAttributes = {
					E51FBCA020AD537500CAECB8 = {
						CreatedOnToolsVersion = 9.3;
						ProvisioningStyle = Automatic;
						SystemCapabilities = {
							com.apple.BackgroundModes = {
								enabled = 1;
							};
							com.apple.InterAppAudio = {
								enabled = 1;
							};
						};
					};
				};
			};
			buildConfigurationList = E51FBC9C20AD537500CAECB8 /* Build configuration list for PBXProject "SoundCould" */;
			compatibilityVersion = "Xcode 8.0";
			developmentRegion = en;
			hasScannedForEncodings = 0;
			knownRegions = (
				en,
				Base,
			);
			mainGroup = E51FBC9820AD537500CAECB8;
			productRefGroup = E51FBCA220AD537500CAECB8 /* Products */;
			projectDirPath = "";
			projectRoot = "";
			targets = (
				E51FBCA020AD537500CAECB8 /* SoundCould */,
			);
		};
/* End PBXProject section */

/* Begin PBXResourcesBuildPhase section */
		E51FBC9F20AD537500CAECB8 /* Resources */ = {
			isa = PBXResourcesBuildPhase;
			buildActionMask = 2147483647;
			files = (
				E50410F020AEA4480028CC24 /* CellGenesHome.xib in Resources */,
				E50410EC20AE860C0028CC24 /* CellSongGenes.xib in Resources */,
				E50410E320AE74EF0028CC24 /* Home.storyboard in Resources */,
				E5E5135020AFBDD1002A88E5 /* PlayViewController.xib in Resources */,
				E5E5135220AFC1F4002A88E5 /* Assets.xcassets in Resources */,
				E51FBCAF20AD537600CAECB8 /* LaunchScreen.storyboard in Resources */,
				E58F62F020AEE34D003578DE /* Genre.storyboard in Resources */,
			);
			runOnlyForDeploymentPostprocessing = 0;
		};
/* End PBXResourcesBuildPhase section */

/* Begin PBXShellScriptBuildPhase section */
		DDA1622B083F84EE71B3393E /* [CP] Embed Pods Frameworks */ = {
			isa = PBXShellScriptBuildPhase;
			buildActionMask = 2147483647;
			files = (
			);
			inputPaths = (
				"${SRCROOT}/Pods/Target Support Files/Pods-SoundCould/Pods-SoundCould-frameworks.sh",
				"${BUILT_PRODUCTS_DIR}/Alamofire/Alamofire.framework",
				"${BUILT_PRODUCTS_DIR}/Kingfisher/Kingfisher.framework",
				"${BUILT_PRODUCTS_DIR}/ObjectMapper/ObjectMapper.framework",
			);
			name = "[CP] Embed Pods Frameworks";
			outputPaths = (
				"${TARGET_BUILD_DIR}/${FRAMEWORKS_FOLDER_PATH}/Alamofire.framework",
				"${TARGET_BUILD_DIR}/${FRAMEWORKS_FOLDER_PATH}/Kingfisher.framework",
				"${TARGET_BUILD_DIR}/${FRAMEWORKS_FOLDER_PATH}/ObjectMapper.framework",
			);
			runOnlyForDeploymentPostprocessing = 0;
			shellPath = /bin/sh;
			shellScript = "\"${SRCROOT}/Pods/Target Support Files/Pods-SoundCould/Pods-SoundCould-frameworks.sh\"\n";
			showEnvVarsInLog = 0;
		};
		E284B6BDDC48617C3A38924A /* [CP] Check Pods Manifest.lock */ = {
			isa = PBXShellScriptBuildPhase;
			buildActionMask = 2147483647;
			files = (
			);
			inputPaths = (
				"${PODS_PODFILE_DIR_PATH}/Podfile.lock",
				"${PODS_ROOT}/Manifest.lock",
			);
			name = "[CP] Check Pods Manifest.lock";
			outputPaths = (
				"$(DERIVED_FILE_DIR)/Pods-SoundCould-checkManifestLockResult.txt",
			);
			runOnlyForDeploymentPostprocessing = 0;
			shellPath = /bin/sh;
			shellScript = "diff \"${PODS_PODFILE_DIR_PATH}/Podfile.lock\" \"${PODS_ROOT}/Manifest.lock\" > /dev/null\nif [ $? != 0 ] ; then\n    # print error to STDERR\n    echo \"error: The sandbox is not in sync with the Podfile.lock. Run 'pod install' or update your CocoaPods installation.\" >&2\n    exit 1\nfi\n# This output is used by Xcode 'outputs' to avoid re-running this script phase.\necho \"SUCCESS\" > \"${SCRIPT_OUTPUT_FILE_0}\"\n";
			showEnvVarsInLog = 0;
		};
		E5844F8E20B3FC46001FD5DF /* ShellScript */ = {
			isa = PBXShellScriptBuildPhase;
			buildActionMask = 2147483647;
			files = (
			);
			inputPaths = (
			);
			outputPaths = (
			);
			runOnlyForDeploymentPostprocessing = 0;
			shellPath = /bin/sh;
			shellScript = "\"${PODS_ROOT}/SwiftLint/swiftlint\"";
		};
/* End PBXShellScriptBuildPhase section */

/* Begin PBXSourcesBuildPhase section */
		E51FBC9D20AD537500CAECB8 /* Sources */ = {
			isa = PBXSourcesBuildPhase;
			buildActionMask = 2147483647;
			files = (
				E50410F320AEACE90028CC24 /* Constants.swift in Sources */,
				E50410F520AEADAD0028CC24 /* Key.swift in Sources */,
				E5E5134F20AFBDD1002A88E5 /* PlayViewController.swift in Sources */,
				E51FBCA520AD537500CAECB8 /* AppDelegate.swift in Sources */,
				E50410EF20AEA4480028CC24 /* CellGenesHome.swift in Sources */,
				E5DA374E20AD5F3400466C8A /* DataManager.swift in Sources */,
				E58F62F220AEE587003578DE /* GenreViewController.swift in Sources */,
				E5DA375220AD8E4800466C8A /* DataTrack.swift in Sources */,
				E5DA374C20AD5E3000466C8A /* DataGenres.swift in Sources */,
				E50410E120AE74940028CC24 /* HomeViewController.swift in Sources */,
				E50410EB20AE860C0028CC24 /* CellSongGenes.swift in Sources */,
				E55CCDD720B2CA28006E87D9 /* UIimageView+loadImg.swift in Sources */,
				E58F62F620AEE862003578DE /* GenreCell.swift in Sources */,
			);
			runOnlyForDeploymentPostprocessing = 0;
		};
/* End PBXSourcesBuildPhase section */

/* Begin PBXVariantGroup section */
		E51FBCAD20AD537600CAECB8 /* LaunchScreen.storyboard */ = {
			isa = PBXVariantGroup;
			children = (
				E51FBCAE20AD537600CAECB8 /* Base */,
			);
			name = LaunchScreen.storyboard;
			sourceTree = "<group>";
		};
/* End PBXVariantGroup section */

/* Begin XCBuildConfiguration section */
		E51FBCB120AD537600CAECB8 /* Debug */ = {
			isa = XCBuildConfiguration;
			buildSettings = {
				ALWAYS_SEARCH_USER_PATHS = NO;
				CLANG_ANALYZER_NONNULL = YES;
				CLANG_ANALYZER_NUMBER_OBJECT_CONVERSION = YES_AGGRESSIVE;
				CLANG_CXX_LANGUAGE_STANDARD = "gnu++14";
				CLANG_CXX_LIBRARY = "libc++";
				CLANG_ENABLE_MODULES = YES;
				CLANG_ENABLE_OBJC_ARC = YES;
				CLANG_ENABLE_OBJC_WEAK = YES;
				CLANG_WARN_BLOCK_CAPTURE_AUTORELEASING = YES;
				CLANG_WARN_BOOL_CONVERSION = YES;
				CLANG_WARN_COMMA = YES;
				CLANG_WARN_CONSTANT_CONVERSION = YES;
				CLANG_WARN_DEPRECATED_OBJC_IMPLEMENTATIONS = YES;
				CLANG_WARN_DIRECT_OBJC_ISA_USAGE = YES_ERROR;
				CLANG_WARN_DOCUMENTATION_COMMENTS = YES;
				CLANG_WARN_EMPTY_BODY = YES;
				CLANG_WARN_ENUM_CONVERSION = YES;
				CLANG_WARN_INFINITE_RECURSION = YES;
				CLANG_WARN_INT_CONVERSION = YES;
				CLANG_WARN_NON_LITERAL_NULL_CONVERSION = YES;
				CLANG_WARN_OBJC_IMPLICIT_RETAIN_SELF = YES;
				CLANG_WARN_OBJC_LITERAL_CONVERSION = YES;
				CLANG_WARN_OBJC_ROOT_CLASS = YES_ERROR;
				CLANG_WARN_RANGE_LOOP_ANALYSIS = YES;
				CLANG_WARN_STRICT_PROTOTYPES = YES;
				CLANG_WARN_SUSPICIOUS_MOVE = YES;
				CLANG_WARN_UNGUARDED_AVAILABILITY = YES_AGGRESSIVE;
				CLANG_WARN_UNREACHABLE_CODE = YES;
				CLANG_WARN__DUPLICATE_METHOD_MATCH = YES;
				CODE_SIGN_IDENTITY = "iPhone Developer";
				COPY_PHASE_STRIP = NO;
				DEBUG_INFORMATION_FORMAT = dwarf;
				ENABLE_STRICT_OBJC_MSGSEND = YES;
				ENABLE_TESTABILITY = YES;
				GCC_C_LANGUAGE_STANDARD = gnu11;
				GCC_DYNAMIC_NO_PIC = NO;
				GCC_NO_COMMON_BLOCKS = YES;
				GCC_OPTIMIZATION_LEVEL = 0;
				GCC_PREPROCESSOR_DEFINITIONS = (
					"DEBUG=1",
					"$(inherited)",
				);
				GCC_WARN_64_TO_32_BIT_CONVERSION = YES;
				GCC_WARN_ABOUT_RETURN_TYPE = YES_ERROR;
				GCC_WARN_UNDECLARED_SELECTOR = YES;
				GCC_WARN_UNINITIALIZED_AUTOS = YES_AGGRESSIVE;
				GCC_WARN_UNUSED_FUNCTION = YES;
				GCC_WARN_UNUSED_VARIABLE = YES;
				IPHONEOS_DEPLOYMENT_TARGET = 11.3;
				MTL_ENABLE_DEBUG_INFO = YES;
				ONLY_ACTIVE_ARCH = YES;
				SDKROOT = iphoneos;
				SWIFT_ACTIVE_COMPILATION_CONDITIONS = DEBUG;
				SWIFT_OPTIMIZATION_LEVEL = "-Onone";
			};
			name = Debug;
		};
		E51FBCB220AD537600CAECB8 /* Release */ = {
			isa = XCBuildConfiguration;
			buildSettings = {
				ALWAYS_SEARCH_USER_PATHS = NO;
				CLANG_ANALYZER_NONNULL = YES;
				CLANG_ANALYZER_NUMBER_OBJECT_CONVERSION = YES_AGGRESSIVE;
				CLANG_CXX_LANGUAGE_STANDARD = "gnu++14";
				CLANG_CXX_LIBRARY = "libc++";
				CLANG_ENABLE_MODULES = YES;
				CLANG_ENABLE_OBJC_ARC = YES;
				CLANG_ENABLE_OBJC_WEAK = YES;
				CLANG_WARN_BLOCK_CAPTURE_AUTORELEASING = YES;
				CLANG_WARN_BOOL_CONVERSION = YES;
				CLANG_WARN_COMMA = YES;
				CLANG_WARN_CONSTANT_CONVERSION = YES;
				CLANG_WARN_DEPRECATED_OBJC_IMPLEMENTATIONS = YES;
				CLANG_WARN_DIRECT_OBJC_ISA_USAGE = YES_ERROR;
				CLANG_WARN_DOCUMENTATION_COMMENTS = YES;
				CLANG_WARN_EMPTY_BODY = YES;
				CLANG_WARN_ENUM_CONVERSION = YES;
				CLANG_WARN_INFINITE_RECURSION = YES;
				CLANG_WARN_INT_CONVERSION = YES;
				CLANG_WARN_NON_LITERAL_NULL_CONVERSION = YES;
				CLANG_WARN_OBJC_IMPLICIT_RETAIN_SELF = YES;
				CLANG_WARN_OBJC_LITERAL_CONVERSION = YES;
				CLANG_WARN_OBJC_ROOT_CLASS = YES_ERROR;
				CLANG_WARN_RANGE_LOOP_ANALYSIS = YES;
				CLANG_WARN_STRICT_PROTOTYPES = YES;
				CLANG_WARN_SUSPICIOUS_MOVE = YES;
				CLANG_WARN_UNGUARDED_AVAILABILITY = YES_AGGRESSIVE;
				CLANG_WARN_UNREACHABLE_CODE = YES;
				CLANG_WARN__DUPLICATE_METHOD_MATCH = YES;
				CODE_SIGN_IDENTITY = "iPhone Developer";
				COPY_PHASE_STRIP = NO;
				DEBUG_INFORMATION_FORMAT = "dwarf-with-dsym";
				ENABLE_NS_ASSERTIONS = NO;
				ENABLE_STRICT_OBJC_MSGSEND = YES;
				GCC_C_LANGUAGE_STANDARD = gnu11;
				GCC_NO_COMMON_BLOCKS = YES;
				GCC_WARN_64_TO_32_BIT_CONVERSION = YES;
				GCC_WARN_ABOUT_RETURN_TYPE = YES_ERROR;
				GCC_WARN_UNDECLARED_SELECTOR = YES;
				GCC_WARN_UNINITIALIZED_AUTOS = YES_AGGRESSIVE;
				GCC_WARN_UNUSED_FUNCTION = YES;
				GCC_WARN_UNUSED_VARIABLE = YES;
				IPHONEOS_DEPLOYMENT_TARGET = 11.3;
				MTL_ENABLE_DEBUG_INFO = NO;
				SDKROOT = iphoneos;
				SWIFT_OPTIMIZATION_LEVEL = "-Owholemodule";
				VALIDATE_PRODUCT = YES;
			};
			name = Release;
		};
		E51FBCB420AD537600CAECB8 /* Debug */ = {
			isa = XCBuildConfiguration;
			baseConfigurationReference = 6FF8F2C9180FF1B95025F1F0 /* Pods-SoundCould.debug.xcconfig */;
			buildSettings = {
				ASSETCATALOG_COMPILER_APPICON_NAME = AppIcon;
				CODE_SIGN_ENTITLEMENTS = SoundCould/SoundCould.entitlements;
				CODE_SIGN_STYLE = Automatic;
				DEVELOPMENT_TEAM = 93L9L9RF27;
				INFOPLIST_FILE = "$(SRCROOT)/Support/Info.plist";
				LD_RUNPATH_SEARCH_PATHS = "$(inherited) @executable_path/Frameworks";
				PRODUCT_BUNDLE_IDENTIFIER = com.framgia.SoundCould;
				PRODUCT_NAME = "$(TARGET_NAME)";
				SWIFT_VERSION = 4.0;
				TARGETED_DEVICE_FAMILY = 1;
			};
			name = Debug;
		};
		E51FBCB520AD537600CAECB8 /* Release */ = {
			isa = XCBuildConfiguration;
			baseConfigurationReference = CE9D30A3B38B1A1C67356D26 /* Pods-SoundCould.release.xcconfig */;
			buildSettings = {
				ASSETCATALOG_COMPILER_APPICON_NAME = AppIcon;
				CODE_SIGN_ENTITLEMENTS = SoundCould/SoundCould.entitlements;
				CODE_SIGN_STYLE = Automatic;
				DEVELOPMENT_TEAM = 93L9L9RF27;
				INFOPLIST_FILE = "$(SRCROOT)/Support/Info.plist";
				LD_RUNPATH_SEARCH_PATHS = "$(inherited) @executable_path/Frameworks";
				PRODUCT_BUNDLE_IDENTIFIER = com.framgia.SoundCould;
				PRODUCT_NAME = "$(TARGET_NAME)";
				SWIFT_VERSION = 4.0;
				TARGETED_DEVICE_FAMILY = 1;
			};
			name = Release;
		};
/* End XCBuildConfiguration section */

/* Begin XCConfigurationList section */
		E51FBC9C20AD537500CAECB8 /* Build configuration list for PBXProject "SoundCould" */ = {
			isa = XCConfigurationList;
			buildConfigurations = (
				E51FBCB120AD537600CAECB8 /* Debug */,
				E51FBCB220AD537600CAECB8 /* Release */,
			);
			defaultConfigurationIsVisible = 0;
			defaultConfigurationName = Release;
		};
		E51FBCB320AD537600CAECB8 /* Build configuration list for PBXNativeTarget "SoundCould" */ = {
			isa = XCConfigurationList;
			buildConfigurations = (
				E51FBCB420AD537600CAECB8 /* Debug */,
				E51FBCB520AD537600CAECB8 /* Release */,
			);
			defaultConfigurationIsVisible = 0;
			defaultConfigurationName = Release;
		};
/* End XCConfigurationList section */
	};
	rootObject = E51FBC9920AD537500CAECB8 /* Project object */;
}
